github.com/ovechkin-dm/go-dyno v0.5.3 h1:/MrL26kFTxbLj/qPbEtR4piVeFYUqjSamAgWpuzeD/k=
github.com/ovechkin-dm/go-dyno v0.5.3/go.mod h1:CcJNuo7AbePMoRNpM3i1jC1Rp9kHEMyWozNdWzR+0ys=
github.com/petermattis/goid v0.0.0-20250721140440-ea1c0173183e h1:D0bJD+4O3G4izvrQUmzCL80zazlN7EwJ0PPDhpJWC/I=
github.com/petermattis/goid v0.0.0-20250721140440-ea1c0173183e/go.mod h1:pxMtw7cyUw6B2bRH0ZBANSPg+AoSud1I1iyJHI69jH4=
