github.com/ovechkin-dm/go-dyno v0.0.22 h1:5S9L41ckaCOxX83gJHliKkVXX9ZaDQ+Vk63AJEsCn+k=
github.com/ovechkin-dm/go-dyno v0.0.22/go.mod h1:CcJNuo7AbePMoRNpM3i1jC1Rp9kHEMyWozNdWzR+0ys=
github.com/petermattis/goid v0.0.0-20230904192822-1876fd5063bc h1:8bQZVK1X6BJR/6nYUPxQEP+ReTsceJTKizeuwjWOPUA=
github.com/petermattis/goid v0.0.0-20230904192822-1876fd5063bc/go.mod h1:pxMtw7cyUw6B2bRH0ZBANSPg+AoSud1I1iyJHI69jH4=
